{
  "requires": true,
  "lockfileVersion": 1,
  "dependencies": {
    "@types/hast": {
      "version": "2.3.4",
      "resolved": "https://registry.npmjs.org/@types/hast/-/hast-2.3.4.tgz",
      "integrity": "sha512-wLEm0QvaoawEDoTRwzTXp4b4jpwiJDvR5KMnFnVodm3scufTlBOWRD6N1OBf9TZMhjlNsSfcO5V+7AF4+Vy+9g==",
      "requires": {
        "@types/unist": "*"
      }
    },
    "@types/unist": {
      "version": "2.0.6",
      "resolved": "https://registry.npmjs.org/@types/unist/-/unist-2.0.6.tgz",
      "integrity": "sha512-PBjIUxZHOuj0R15/xuwJYjFi+KZdNFrehocChv4g5hu6aFroHue8m0lBP0POdK2nKzbw0cgV1mws8+V/JAcEkQ=="
    },
    "ansi-styles": {
      "version": "4.3.0",
      "resolved": "https://registry.npmjs.org/ansi-styles/-/ansi-styles-4.3.0.tgz",
      "integrity": "sha512-zbB9rCJAT1rbjiVDb2hqKFHNYLxgtk8NURxZ3IZwD3F6NtxbXZQCnnSi1Lkx+IDohdPlFp222wVALIheZJQSEg==",
      "requires": {
        "color-convert": "^2.0.1"
      }
    },
    "chalk": {
      "version": "4.1.2",
      "resolved": "https://registry.npmjs.org/chalk/-/chalk-4.1.2.tgz",
      "integrity": "sha512-oKnbhFyRIXpUuez8iBMmyEa4nbj4IOQyuhc/wy9kY7/WVPcwIO9VA668Pu8RkO7+0G76SLROeyw9CpQ061i4mA==",
      "requires": {
        "ansi-styles": "^4.1.0",
        "supports-color": "^7.1.0"
      }
    },
    "color-convert": {
      "version": "2.0.1",
      "resolved": "https://registry.npmjs.org/color-convert/-/color-convert-2.0.1.tgz",
      "integrity": "sha512-RRECPsj7iu/xb5oKYcsFHSppFNnsj/52OVTRKb4zP5onXwVF3zVmmToNcOfGC+CRDpfK/U584fMg38ZHCaElKQ==",
      "requires": {
        "color-name": "~1.1.4"
      }
    },
    "color-name": {
      "version": "1.1.4",
      "resolved": "https://registry.npmjs.org/color-name/-/color-name-1.1.4.tgz",
      "integrity": "sha512-dOy+3AuW3a2wNbZHIuMZpTcgjGuLU/uBL/ubcZF9OXbDo8ff4O8yVp5Bf0efS8uEoYo5q4Fx7dY9OgQGXgAsQA=="
    },
    "emphasize": {
      "version": "5.0.0",
      "resolved": "https://registry.npmjs.org/emphasize/-/emphasize-5.0.0.tgz",
      "integrity": "sha512-wRMiBsXijTTIOcXAhNzrMEwhSo246B1Dw8Qtx1QThNNeqN4edg85YvREhhZClwk23dQ3Kz1IM+TsmZ2hVVLeoQ==",
      "requires": {
        "chalk": "^4.0.0",
        "highlight.js": "~11.0.0",
        "lowlight": "~2.0.0"
      },
      "dependencies": {
        "highlight.js": {
          "version": "11.0.1",
          "resolved": "https://registry.npmjs.org/highlight.js/-/highlight.js-11.0.1.tgz",
          "integrity": "sha512-EqYpWyTF2s8nMfttfBA2yLKPNoZCO33pLS4MnbXQ4hECf1TKujCt1Kq7QAdrio7roL4+CqsfjqwYj4tYgq0pJQ=="
        }
      }
    },
    "esm": {
      "version": "3.2.25",
      "resolved": "https://registry.npmjs.org/esm/-/esm-3.2.25.tgz",
      "integrity": "sha512-U1suiZ2oDVWv4zPO56S0NcR5QriEahGtdN2OR6FiOG4WJvcjBVFB0qI4+eKoWFH483PKGuLuu6V8Z4T5g63UVA=="
    },
    "fault": {
      "version": "2.0.0",
      "resolved": "https://registry.npmjs.org/fault/-/fault-2.0.0.tgz",
      "integrity": "sha512-JsDj9LFcoC+4ChII1QpXPA7YIaY8zmqPYw7h9j5n7St7a0BBKfNnwEBAUQRBx70o2q4rs+BeSNHk8Exm6xE7fQ==",
      "requires": {
        "format": "^0.2.0"
      }
    },
    "format": {
      "version": "0.2.2",
      "resolved": "https://registry.npmjs.org/format/-/format-0.2.2.tgz",
      "integrity": "sha1-1hcBB+nv3E7TDJ3DkBbflCtctYs="
    },
    "has-flag": {
      "version": "4.0.0",
      "resolved": "https://registry.npmjs.org/has-flag/-/has-flag-4.0.0.tgz",
      "integrity": "sha512-EykJT/Q1KjTWctppgIAgfSO0tKVuZUjhgMr17kqTumMl6Afv3EISleU7qZUzoXDFTAHTDC4NOoG/ZxU3EvlMPQ=="
    },
    "lowlight": {
      "version": "2.0.1",
      "resolved": "https://registry.npmjs.org/lowlight/-/lowlight-2.0.1.tgz",
      "integrity": "sha512-HB2PZDjmI3NlcSukkKHTwhXIiVhKMq8NZVcIMo8qXUJundfbes8JpE3jtqW/InByhOVd4X0XitTTzgiNoavAzQ==",
      "requires": {
        "@types/hast": "^2.0.0",
        "fault": "^2.0.0",
        "highlight.js": "~11.0.0"
      },
      "dependencies": {
        "highlight.js": {
          "version": "11.0.1",
          "resolved": "https://registry.npmjs.org/highlight.js/-/highlight.js-11.0.1.tgz",
          "integrity": "sha512-EqYpWyTF2s8nMfttfBA2yLKPNoZCO33pLS4MnbXQ4hECf1TKujCt1Kq7QAdrio7roL4+CqsfjqwYj4tYgq0pJQ=="
        }
      }
    },
    "supports-color": {
      "version": "7.2.0",
      "resolved": "https://registry.npmjs.org/supports-color/-/supports-color-7.2.0.tgz",
      "integrity": "sha512-qpCAvRl9stuOHveKsn7HncJRvv501qIacKzQlO/+Lwxc9+0q2wLyv4Dfvt80/DPn2pqOBsJdDiogXGR9+OvwRw==",
      "requires": {
        "has-flag": "^4.0.0"
      }
    }
  }
}
